
Microsoft Visual Studio Solution File, Format Version 12.00
# Visual Studio Version 17
VisualStudioVersion = 17.2.32616.157
MinimumVisualStudioVersion = 10.0.40219.1
Project("{FAE04EC0-301F-11D3-BF4B-00C04F79EFBC}") = "kareemwq", "kareemwq\kareemwq.csproj", "{750CBB60-7D3C-40AF-9B08-FBEABCCC854B}"
EndProject
Global
	GlobalSection(SolutionConfigurationPlatforms) = preSolution
		Debug|Any CPU = Debug|Any CPU
		Release|Any CPU = Release|Any CPU
	EndGlobalSection
	GlobalSection(ProjectConfigurationPlatforms) = postSolution
		{750CBB60-7D3C-40AF-9B08-FBEABCCC854B}.Debug|Any CPU.ActiveCfg = Debug|Any CPU
		{750CBB60-7D3C-40AF-9B08-FBEABCCC854B}.Debug|Any CPU.Build.0 = Debug|Any CPU
		{750CBB60-7D3C-40AF-9B08-FBEABCCC854B}.Release|Any CPU.ActiveCfg = Release|Any CPU
		{750CBB60-7D3C-40AF-9B08-FBEABCCC854B}.Release|Any CPU.Build.0 = Release|Any CPU
	EndGlobalSection
	GlobalSection(SolutionProperties) = preSolution
		HideSolutionNode = FALSE
	EndGlobalSection
	GlobalSection(ExtensibilityGlobals) = postSolution
		SolutionGuid = {F2F32723-1BA6-49E1-8DB3-BAE19C584E51}
	EndGlobalSection
EndGlobal
